{
  "name": "@objekt/capacitor-app-updater",
  "version": "1.0.0",
  "lockfileVersion": 2,
  "requires": true,
  "packages": {
    "": {
      "name": "@objekt/capacitor-app-updater",
      "version": "1.0.0",
      "license": "ISC",
      "dependencies": {
        "@capacitor-community/http": "^1.4.1",
        "@capacitor/core": "^3.5.1",
        "@capacitor/filesystem": "^1.1.0"
      },
      "engines": {
        "node": "16.x"
      }
    },
    "node_modules/@capacitor-community/http": {
      "version": "1.4.1",
      "resolved": "https://registry.npmjs.org/@capacitor-community/http/-/http-1.4.1.tgz",
      "integrity": "sha512-+pCkBXrwfm97UfjOgjV950H/qZ8SE36Mrcb46BlL1ps3VIsGuIO+AulL8GqTC6LewheRVtGJpRspNtneXQotNA==",
      "dependencies": {
        "@capacitor/android": "^3.0.0",
        "@capacitor/core": "^3.0.0",
        "@capacitor/filesystem": "^1.0.0",
        "@capacitor/ios": "^3.0.0"
      }
    },
    "node_modules/@capacitor/android": {
      "version": "3.5.1",
      "resolved": "https://registry.npmjs.org/@capacitor/android/-/android-3.5.1.tgz",
      "integrity": "sha512-rjehS0+BQBlwoN8hUyrMuzexn/9QJsONb1kmN5uXcL8JuTEbv35fa7z0tSD4x1LKwUFd+3Zeuwt60QRuwijlmw==",
      "peerDependencies": {
        "@capacitor/core": "^3.5.0"
      }
    },
    "node_modules/@capacitor/core": {
      "version": "3.5.1",
      "resolved": "https://registry.npmjs.org/@capacitor/core/-/core-3.5.1.tgz",
      "integrity": "sha512-UTROxB7q/hZBnhDLcCN7mVsAX3SxXNMhVuPbtddsDOUCm4hExLXN62gPD7rjgmumhfHMjeXmkw/EfRzSjttL1g==",
      "dependencies": {
        "tslib": "^2.1.0"
      }
    },
    "node_modules/@capacitor/filesystem": {
      "version": "1.1.0",
      "resolved": "https://registry.npmjs.org/@capacitor/filesystem/-/filesystem-1.1.0.tgz",
      "integrity": "sha512-8O3UuvL8HNUEJvZnmn8yUmvgB1evtXfcF0oxIo3YbSlylqywJwS3JTiuhKmsvSxCdpbTy8IaTsutVh3gZgWbKg==",
      "peerDependencies": {
        "@capacitor/core": "^3.0.0"
      }
    },
    "node_modules/@capacitor/ios": {
      "version": "3.5.1",
      "resolved": "https://registry.npmjs.org/@capacitor/ios/-/ios-3.5.1.tgz",
      "integrity": "sha512-295L9dHe/QaejUpGI8Pxwb1i2yVgick1ExIDK26xk+tk1km3B1HVjsIS8qkf2SOp7tuwP9+W5T5p7rLMNN4v5g==",
      "peerDependencies": {
        "@capacitor/core": "^3.5.0"
      }
    },
    "node_modules/tslib": {
      "version": "2.4.0",
      "resolved": "https://registry.npmjs.org/tslib/-/tslib-2.4.0.tgz",
      "integrity": "sha512-d6xOpEDfsi2CZVlPQzGeux8XMwLT9hssAsaPYExaQMuYskwb+x1x7J371tWlbBdWHroy99KnVB6qIkUbs5X3UQ=="
    }
  },
  "dependencies": {
    "@capacitor-community/http": {
      "version": "1.4.1",
      "resolved": "https://registry.npmjs.org/@capacitor-community/http/-/http-1.4.1.tgz",
      "integrity": "sha512-+pCkBXrwfm97UfjOgjV950H/qZ8SE36Mrcb46BlL1ps3VIsGuIO+AulL8GqTC6LewheRVtGJpRspNtneXQotNA==",
      "requires": {
        "@capacitor/android": "^3.0.0",
        "@capacitor/core": "^3.0.0",
        "@capacitor/filesystem": "^1.0.0",
        "@capacitor/ios": "^3.0.0"
      }
    },
    "@capacitor/android": {
      "version": "3.5.1",
      "resolved": "https://registry.npmjs.org/@capacitor/android/-/android-3.5.1.tgz",
      "integrity": "sha512-rjehS0+BQBlwoN8hUyrMuzexn/9QJsONb1kmN5uXcL8JuTEbv35fa7z0tSD4x1LKwUFd+3Zeuwt60QRuwijlmw==",
      "requires": {}
    },
    "@capacitor/core": {
      "version": "3.5.1",
      "resolved": "https://registry.npmjs.org/@capacitor/core/-/core-3.5.1.tgz",
      "integrity": "sha512-UTROxB7q/hZBnhDLcCN7mVsAX3SxXNMhVuPbtddsDOUCm4hExLXN62gPD7rjgmumhfHMjeXmkw/EfRzSjttL1g==",
      "requires": {
        "tslib": "^2.1.0"
      }
    },
    "@capacitor/filesystem": {
      "version": "1.1.0",
      "resolved": "https://registry.npmjs.org/@capacitor/filesystem/-/filesystem-1.1.0.tgz",
      "integrity": "sha512-8O3UuvL8HNUEJvZnmn8yUmvgB1evtXfcF0oxIo3YbSlylqywJwS3JTiuhKmsvSxCdpbTy8IaTsutVh3gZgWbKg==",
      "requires": {}
    },
    "@capacitor/ios": {
      "version": "3.5.1",
      "resolved": "https://registry.npmjs.org/@capacitor/ios/-/ios-3.5.1.tgz",
      "integrity": "sha512-295L9dHe/QaejUpGI8Pxwb1i2yVgick1ExIDK26xk+tk1km3B1HVjsIS8qkf2SOp7tuwP9+W5T5p7rLMNN4v5g==",
      "requires": {}
    },
    "tslib": {
      "version": "2.4.0",
      "resolved": "https://registry.npmjs.org/tslib/-/tslib-2.4.0.tgz",
      "integrity": "sha512-d6xOpEDfsi2CZVlPQzGeux8XMwLT9hssAsaPYExaQMuYskwb+x1x7J371tWlbBdWHroy99KnVB6qIkUbs5X3UQ=="
    }
  }
}
